
Microsoft Visual Studio Solution File, Format Version 12.00
# Visual Studio Version 17
VisualStudioVersion = 17.5.002.0
MinimumVisualStudioVersion = 10.0.40219.1
Project("{9A19103F-16F7-4668-BE54-9A1E7A4F7556}") = "CircuitClient", "CircuitClient.csproj", "{B625FB67-241B-4A66-BF00-AE9CE1A09948}"
EndProject
Global
	GlobalSection(SolutionConfigurationPlatforms) = preSolution
		Debug|Any CPU = Debug|Any CPU
		Release|Any CPU = Release|Any CPU
	EndGlobalSection
	GlobalSection(ProjectConfigurationPlatforms) = postSolution
		{B625FB67-241B-4A66-BF00-AE9CE1A09948}.Debug|Any CPU.ActiveCfg = Debug|Any CPU
		{B625FB67-241B-4A66-BF00-AE9CE1A09948}.Debug|Any CPU.Build.0 = Debug|Any CPU
		{B625FB67-241B-4A66-BF00-AE9CE1A09948}.Release|Any CPU.ActiveCfg = Release|Any CPU
		{B625FB67-241B-4A66-BF00-AE9CE1A09948}.Release|Any CPU.Build.0 = Release|Any CPU
	EndGlobalSection
	GlobalSection(SolutionProperties) = preSolution
		HideSolutionNode = FALSE
	EndGlobalSection
	GlobalSection(ExtensibilityGlobals) = postSolution
		SolutionGuid = {7A248967-22D4-4FCD-9EB9-E7641F8433F9}
	EndGlobalSection
EndGlobal
